// !$*UTF8*$!
{
	archiveVersion = 1;
	classes = {
	};
	objectVersion = 55;
	objects = {

/* Begin PBXBuildFile section */
		2133D9FC27D11039003682C0 /* AnyCodable in Frameworks */ = {isa = PBXBuildFile; productRef = 2133D9FB27D11039003682C0 /* AnyCodable */; };
		21434BBA27CA66A6001EFE9A /* BithumbRepository.swift in Sources */ = {isa = PBXBuildFile; fileRef = 21434BB927CA66A6001EFE9A /* BithumbRepository.swift */; };
		21BECEAD27D332DD0018F7CA /* Publisher+Decode.swift in Sources */ = {isa = PBXBuildFile; fileRef = 21BECEAC27D332DD0018F7CA /* Publisher+Decode.swift */; };
		21BECEAF27D3426A0018F7CA /* Log.swift in Sources */ = {isa = PBXBuildFile; fileRef = 21BECEAE27D3426A0018F7CA /* Log.swift */; };
		21C2EA3227CDE859004E1379 /* Kingfisher in Frameworks */ = {isa = PBXBuildFile; productRef = 21C2EA3127CDE859004E1379 /* Kingfisher */; };
		21C2EA3527CDF2D7004E1379 /* HiddenIf.swift in Sources */ = {isa = PBXBuildFile; fileRef = 21C2EA3427CDF2D7004E1379 /* HiddenIf.swift */; };
		21E32C8F27CB38E000949D97 /* BithumbTickerSocketResponseDTO.swift in Sources */ = {isa = PBXBuildFile; fileRef = 21E32C8E27CB38E000949D97 /* BithumbTickerSocketResponseDTO.swift */; };
		21E32C9127CB38F300949D97 /* BithumbOrderBookDepthSocketResponseDTO.swift in Sources */ = {isa = PBXBuildFile; fileRef = 21E32C9027CB38F300949D97 /* BithumbOrderBookDepthSocketResponseDTO.swift */; };
		21E32C9327CB390300949D97 /* BithumbTransactionSocketResponseDTO.swift in Sources */ = {isa = PBXBuildFile; fileRef = 21E32C9227CB390300949D97 /* BithumbTransactionSocketResponseDTO.swift */; };
		21E4382327D64BC700002099 /* BithumbResultSocketResponseDTO.swift in Sources */ = {isa = PBXBuildFile; fileRef = 21E4382227D64BC700002099 /* BithumbResultSocketResponseDTO.swift */; };
		21E4382527D64EF800002099 /* Publisher+FilterSocketTopicType.swift in Sources */ = {isa = PBXBuildFile; fileRef = 21E4382427D64EF800002099 /* Publisher+FilterSocketTopicType.swift */; };
		730F320C27D8ECE5002AB57B /* BithumbOrderbookResultRESTResponseDTO.swift in Sources */ = {isa = PBXBuildFile; fileRef = 730F320B27D8ECE5002AB57B /* BithumbOrderbookResultRESTResponseDTO.swift */; };
		730F320E27D8EE27002AB57B /* BithumbOrderbookSingle.swift in Sources */ = {isa = PBXBuildFile; fileRef = 730F320D27D8EE27002AB57B /* BithumbOrderbookSingle.swift */; };
		730F321327D8F4A2002AB57B /* Date+Format.swift in Sources */ = {isa = PBXBuildFile; fileRef = 730F321227D8F4A2002AB57B /* Date+Format.swift */; };
		730F321527DA3EF1002AB57B /* BithumbTransactionType.swift in Sources */ = {isa = PBXBuildFile; fileRef = 730F321427DA3EF1002AB57B /* BithumbTransactionType.swift */; };
		730F321727DA4C1C002AB57B /* TransactionListState.swift in Sources */ = {isa = PBXBuildFile; fileRef = 730F321627DA4C1C002AB57B /* TransactionListState.swift */; };
		730F321927DA4C4A002AB57B /* TransactionListAction.swift in Sources */ = {isa = PBXBuildFile; fileRef = 730F321827DA4C4A002AB57B /* TransactionListAction.swift */; };
		730F321B27DA4C50002AB57B /* TransactionListEnviroment.swift in Sources */ = {isa = PBXBuildFile; fileRef = 730F321A27DA4C50002AB57B /* TransactionListEnviroment.swift */; };
		730F321D27DA4C56002AB57B /* TransactionListReducer.swift in Sources */ = {isa = PBXBuildFile; fileRef = 730F321C27DA4C56002AB57B /* TransactionListReducer.swift */; };
		730F321F27DA4C90002AB57B /* TransactionListError.swift in Sources */ = {isa = PBXBuildFile; fileRef = 730F321E27DA4C90002AB57B /* TransactionListError.swift */; };
		7315F72B27D8D0FD00276943 /* TransactionListView.swift in Sources */ = {isa = PBXBuildFile; fileRef = 7315F72A27D8D0FD00276943 /* TransactionListView.swift */; };
		7315F72F27D8D15F00276943 /* TransactionItemView.swift in Sources */ = {isa = PBXBuildFile; fileRef = 7315F72E27D8D15F00276943 /* TransactionItemView.swift */; };
		7315F73127D8D43400276943 /* TransactionItemState.swift in Sources */ = {isa = PBXBuildFile; fileRef = 7315F73027D8D43400276943 /* TransactionItemState.swift */; };
		7315F73327D8D44A00276943 /* TransactionItemAction.swift in Sources */ = {isa = PBXBuildFile; fileRef = 7315F73227D8D44A00276943 /* TransactionItemAction.swift */; };
		7315F73527D8D46700276943 /* TransactionItemEnviroment.swift in Sources */ = {isa = PBXBuildFile; fileRef = 7315F73427D8D46700276943 /* TransactionItemEnviroment.swift */; };
		7315F73727D8D47600276943 /* TransactionReducer.swift in Sources */ = {isa = PBXBuildFile; fileRef = 7315F73627D8D47600276943 /* TransactionReducer.swift */; };
		7315F73927D8D6FB00276943 /* TransactionListUseCase.swift in Sources */ = {isa = PBXBuildFile; fileRef = 7315F73827D8D6FB00276943 /* TransactionListUseCase.swift */; };
		7315F73B27D8D94A00276943 /* BithumbTransactionHistoryResultRESTResponseDTO.swift in Sources */ = {isa = PBXBuildFile; fileRef = 7315F73A27D8D94A00276943 /* BithumbTransactionHistoryResultRESTResponseDTO.swift */; };
		7315F73D27D8DA9B00276943 /* BithumbTransactionHistroySingle.swift in Sources */ = {isa = PBXBuildFile; fileRef = 7315F73C27D8DA9B00276943 /* BithumbTransactionHistroySingle.swift */; };
		7321A1E327CA1E6900686DB5 /* API+BithumbWebSocket.swift in Sources */ = {isa = PBXBuildFile; fileRef = 7321A1E227CA1E6900686DB5 /* API+BithumbWebSocket.swift */; };
		7321A1EB27CA243500686DB5 /* API+BithumbREST.swift in Sources */ = {isa = PBXBuildFile; fileRef = 7321A1EA27CA243500686DB5 /* API+BithumbREST.swift */; };
		7321A1ED27CA249E00686DB5 /* BithumbRESTService.swift in Sources */ = {isa = PBXBuildFile; fileRef = 7321A1EC27CA249E00686DB5 /* BithumbRESTService.swift */; };
		7321A1F127CA31D300686DB5 /* BithumbTickerResultRESTResponseDTO.swift in Sources */ = {isa = PBXBuildFile; fileRef = 7321A1F027CA31D300686DB5 /* BithumbTickerResultRESTResponseDTO.swift */; };
		7321A1F427CA386800686DB5 /* BithumbDataResponse.swift in Sources */ = {isa = PBXBuildFile; fileRef = 7321A1F327CA386800686DB5 /* BithumbDataResponse.swift */; };
		7321A1F627CA397300686DB5 /* MoyaProvider+MakeProvider.swift in Sources */ = {isa = PBXBuildFile; fileRef = 7321A1F527CA397300686DB5 /* MoyaProvider+MakeProvider.swift */; };
		7321A1F927CA428D00686DB5 /* AnyPublisher+Validate.swift in Sources */ = {isa = PBXBuildFile; fileRef = 7321A1F827CA428D00686DB5 /* AnyPublisher+Validate.swift */; };
		7321A22027CD122A00686DB5 /* BithumbTransactionStream.swift in Sources */ = {isa = PBXBuildFile; fileRef = 7321A21F27CD122A00686DB5 /* BithumbTransactionStream.swift */; };
		7321A22227CD17E300686DB5 /* BithumbOrderBookDepthStream.swift in Sources */ = {isa = PBXBuildFile; fileRef = 7321A22127CD17E300686DB5 /* BithumbOrderBookDepthStream.swift */; };
		7386F06B27DBAA450079E2EE /* CoinListError.swift in Sources */ = {isa = PBXBuildFile; fileRef = 7386F06A27DBAA450079E2EE /* CoinListError.swift */; };
		7386F06D27DBAA490079E2EE /* CoinListState.swift in Sources */ = {isa = PBXBuildFile; fileRef = 7386F06C27DBAA490079E2EE /* CoinListState.swift */; };
		7386F06F27DBAA520079E2EE /* CoinListEnviroment.swift in Sources */ = {isa = PBXBuildFile; fileRef = 7386F06E27DBAA520079E2EE /* CoinListEnviroment.swift */; };
		7386F07127DBAA570079E2EE /* CoinListReducer.swift in Sources */ = {isa = PBXBuildFile; fileRef = 7386F07027DBAA570079E2EE /* CoinListReducer.swift */; };
		7386F07327DBAA8B0079E2EE /* CoinListAction.swift in Sources */ = {isa = PBXBuildFile; fileRef = 7386F07227DBAA8B0079E2EE /* CoinListAction.swift */; };
		AA406E4A27CD317700013BF2 /* Double+CurrencyFormat.swift in Sources */ = {isa = PBXBuildFile; fileRef = AA406E4927CD317700013BF2 /* Double+CurrencyFormat.swift */; };
		AA406E4D27CD329D00013BF2 /* CoinItemState.swift in Sources */ = {isa = PBXBuildFile; fileRef = AA406E4C27CD329D00013BF2 /* CoinItemState.swift */; };
		AA406E4F27CD32AB00013BF2 /* CoinItemAction.swift in Sources */ = {isa = PBXBuildFile; fileRef = AA406E4E27CD32AB00013BF2 /* CoinItemAction.swift */; };
		AA406E5127CD33E900013BF2 /* CoinItemEnvironment.swift in Sources */ = {isa = PBXBuildFile; fileRef = AA406E5027CD33E900013BF2 /* CoinItemEnvironment.swift */; };
		AA406E5327CD341100013BF2 /* CoinItemReducer.swift in Sources */ = {isa = PBXBuildFile; fileRef = AA406E5227CD341100013BF2 /* CoinItemReducer.swift */; };
		AA406E5727D389A200013BF2 /* BithumbTickerSingle.swift in Sources */ = {isa = PBXBuildFile; fileRef = AA406E5627D389A200013BF2 /* BithumbTickerSingle.swift */; };
		AA4B6D7227D87A36002A7398 /* ToastClient.swift in Sources */ = {isa = PBXBuildFile; fileRef = AA4B6D7127D87A36002A7398 /* ToastClient.swift */; };
		AA4B6D7427D8922B002A7398 /* ToastUIView.swift in Sources */ = {isa = PBXBuildFile; fileRef = AA4B6D7327D8922B002A7398 /* ToastUIView.swift */; };
		AA4B6D7927D8DFB3002A7398 /* CoinCandleStickChartView.swift in Sources */ = {isa = PBXBuildFile; fileRef = AA4B6D7827D8DFB3002A7398 /* CoinCandleStickChartView.swift */; };
		AA4B6D7C27D8E052002A7398 /* Charts in Frameworks */ = {isa = PBXBuildFile; productRef = AA4B6D7B27D8E052002A7398 /* Charts */; };
		AA4B6D7E27DA3ADC002A7398 /* CoinCandleChartUseCase.swift in Sources */ = {isa = PBXBuildFile; fileRef = AA4B6D7D27DA3ADC002A7398 /* CoinCandleChartUseCase.swift */; };
		AA4B6D8027DA3C36002A7398 /* BithumbCandleStickResultResponseDTO.swift in Sources */ = {isa = PBXBuildFile; fileRef = AA4B6D7F27DA3C36002A7398 /* BithumbCandleStickResultResponseDTO.swift */; };
		AA4B6D8227DA3DAF002A7398 /* BithumbCandleStickSingle.swift in Sources */ = {isa = PBXBuildFile; fileRef = AA4B6D8127DA3DAF002A7398 /* BithumbCandleStickSingle.swift */; };
		AA86695527C9C484007DFBE6 /* CryptocurrencyExchangeApp.swift in Sources */ = {isa = PBXBuildFile; fileRef = AA86695427C9C484007DFBE6 /* CryptocurrencyExchangeApp.swift */; };
		AA86695727C9C484007DFBE6 /* ContentView.swift in Sources */ = {isa = PBXBuildFile; fileRef = AA86695627C9C484007DFBE6 /* ContentView.swift */; };
		AA86695927C9C487007DFBE6 /* Assets.xcassets in Resources */ = {isa = PBXBuildFile; fileRef = AA86695827C9C487007DFBE6 /* Assets.xcassets */; };
		AA86695C27C9C487007DFBE6 /* Preview Assets.xcassets in Resources */ = {isa = PBXBuildFile; fileRef = AA86695B27C9C487007DFBE6 /* Preview Assets.xcassets */; };
		AA86696627C9C487007DFBE6 /* CryptocurrencyExchangeTests.swift in Sources */ = {isa = PBXBuildFile; fileRef = AA86696527C9C487007DFBE6 /* CryptocurrencyExchangeTests.swift */; };
		AA86698327C9C819007DFBE6 /* CombineMoya in Frameworks */ = {isa = PBXBuildFile; productRef = AA86698227C9C819007DFBE6 /* CombineMoya */; };
		AA86698627C9C83E007DFBE6 /* ComposableArchitecture in Frameworks */ = {isa = PBXBuildFile; productRef = AA86698527C9C83E007DFBE6 /* ComposableArchitecture */; };
		AA86699327C9DEB1007DFBE6 /* Starscream in Frameworks */ = {isa = PBXBuildFile; productRef = AA86699227C9DEB1007DFBE6 /* Starscream */; };
		AA86699827C9E17D007DFBE6 /* API.swift in Sources */ = {isa = PBXBuildFile; fileRef = AA86699727C9E17D007DFBE6 /* API.swift */; };
		AA86699B27C9FFDA007DFBE6 /* BithumbSocketService.swift in Sources */ = {isa = PBXBuildFile; fileRef = AA86699A27C9FFDA007DFBE6 /* BithumbSocketService.swift */; };
		AA86699E27CA000F007DFBE6 /* WebSocketConnector.swift in Sources */ = {isa = PBXBuildFile; fileRef = AA86699D27CA000F007DFBE6 /* WebSocketConnector.swift */; };
		AA8669A227CA00B3007DFBE6 /* URL+Extensions.swift in Sources */ = {isa = PBXBuildFile; fileRef = AA8669A127CA00B3007DFBE6 /* URL+Extensions.swift */; };
		AA8669A427CA00BC007DFBE6 /* URLRequest+Extensions.swift in Sources */ = {isa = PBXBuildFile; fileRef = AA8669A327CA00BC007DFBE6 /* URLRequest+Extensions.swift */; };
		AA8669A927CA024C007DFBE6 /* SocketTargetType.swift in Sources */ = {isa = PBXBuildFile; fileRef = AA8669A827CA024C007DFBE6 /* SocketTargetType.swift */; };
		AA8669AD27CA030F007DFBE6 /* BithumbSocketType.swift in Sources */ = {isa = PBXBuildFile; fileRef = AA8669AC27CA030F007DFBE6 /* BithumbSocketType.swift */; };
		AA8669B127CB82C3007DFBE6 /* CoinListUseCase.swift in Sources */ = {isa = PBXBuildFile; fileRef = AA8669B027CB82C3007DFBE6 /* CoinListUseCase.swift */; };
		AA8669B427CB85AA007DFBE6 /* BithumbTickerStream.swift in Sources */ = {isa = PBXBuildFile; fileRef = AA8669B327CB85AA007DFBE6 /* BithumbTickerStream.swift */; };
		AA8669B927CBCD1E007DFBE6 /* String+ToDate.swift in Sources */ = {isa = PBXBuildFile; fileRef = AA8669B827CBCD1E007DFBE6 /* String+ToDate.swift */; };
		AA8669BC27CD1CDF007DFBE6 /* CoinListView.swift in Sources */ = {isa = PBXBuildFile; fileRef = AA8669BB27CD1CDF007DFBE6 /* CoinListView.swift */; };
		AA8669BE27CD1E09007DFBE6 /* CoinItemView.swift in Sources */ = {isa = PBXBuildFile; fileRef = AA8669BD27CD1E09007DFBE6 /* CoinItemView.swift */; };
		AABBA44D27D866480092D1D2 /* ToastView.swift in Sources */ = {isa = PBXBuildFile; fileRef = AABBA44C27D866480092D1D2 /* ToastView.swift */; };
/* End PBXBuildFile section */

/* Begin PBXContainerItemProxy section */
		AA86696227C9C487007DFBE6 /* PBXContainerItemProxy */ = {
			isa = PBXContainerItemProxy;
			containerPortal = AA86694927C9C484007DFBE6 /* Project object */;
			proxyType = 1;
			remoteGlobalIDString = AA86695027C9C484007DFBE6;
			remoteInfo = CryptocurrencyExchange;
		};
/* End PBXContainerItemProxy section */

/* Begin PBXFileReference section */
		21434BB927CA66A6001EFE9A /* BithumbRepository.swift */ = {isa = PBXFileReference; lastKnownFileType = sourcecode.swift; path = BithumbRepository.swift; sourceTree = "<group>"; };
		21BECEAC27D332DD0018F7CA /* Publisher+Decode.swift */ = {isa = PBXFileReference; lastKnownFileType = sourcecode.swift; path = "Publisher+Decode.swift"; sourceTree = "<group>"; };
		21BECEAE27D3426A0018F7CA /* Log.swift */ = {isa = PBXFileReference; lastKnownFileType = sourcecode.swift; path = Log.swift; sourceTree = "<group>"; };
		21C2EA3427CDF2D7004E1379 /* HiddenIf.swift */ = {isa = PBXFileReference; lastKnownFileType = sourcecode.swift; path = HiddenIf.swift; sourceTree = "<group>"; };
		21E32C8E27CB38E000949D97 /* BithumbTickerSocketResponseDTO.swift */ = {isa = PBXFileReference; lastKnownFileType = sourcecode.swift; path = BithumbTickerSocketResponseDTO.swift; sourceTree = "<group>"; };
		21E32C9027CB38F300949D97 /* BithumbOrderBookDepthSocketResponseDTO.swift */ = {isa = PBXFileReference; lastKnownFileType = sourcecode.swift; path = BithumbOrderBookDepthSocketResponseDTO.swift; sourceTree = "<group>"; };
		21E32C9227CB390300949D97 /* BithumbTransactionSocketResponseDTO.swift */ = {isa = PBXFileReference; lastKnownFileType = sourcecode.swift; path = BithumbTransactionSocketResponseDTO.swift; sourceTree = "<group>"; };
		21E4382227D64BC700002099 /* BithumbResultSocketResponseDTO.swift */ = {isa = PBXFileReference; lastKnownFileType = sourcecode.swift; path = BithumbResultSocketResponseDTO.swift; sourceTree = "<group>"; };
		21E4382427D64EF800002099 /* Publisher+FilterSocketTopicType.swift */ = {isa = PBXFileReference; lastKnownFileType = sourcecode.swift; path = "Publisher+FilterSocketTopicType.swift"; sourceTree = "<group>"; };
		730F320B27D8ECE5002AB57B /* BithumbOrderbookResultRESTResponseDTO.swift */ = {isa = PBXFileReference; lastKnownFileType = sourcecode.swift; path = BithumbOrderbookResultRESTResponseDTO.swift; sourceTree = "<group>"; };
		730F320D27D8EE27002AB57B /* BithumbOrderbookSingle.swift */ = {isa = PBXFileReference; lastKnownFileType = sourcecode.swift; path = BithumbOrderbookSingle.swift; sourceTree = "<group>"; };
		730F321227D8F4A2002AB57B /* Date+Format.swift */ = {isa = PBXFileReference; lastKnownFileType = sourcecode.swift; path = "Date+Format.swift"; sourceTree = "<group>"; };
		730F321427DA3EF1002AB57B /* BithumbTransactionType.swift */ = {isa = PBXFileReference; lastKnownFileType = sourcecode.swift; path = BithumbTransactionType.swift; sourceTree = "<group>"; };
		730F321627DA4C1C002AB57B /* TransactionListState.swift */ = {isa = PBXFileReference; lastKnownFileType = sourcecode.swift; path = TransactionListState.swift; sourceTree = "<group>"; };
		730F321827DA4C4A002AB57B /* TransactionListAction.swift */ = {isa = PBXFileReference; lastKnownFileType = sourcecode.swift; path = TransactionListAction.swift; sourceTree = "<group>"; };
		730F321A27DA4C50002AB57B /* TransactionListEnviroment.swift */ = {isa = PBXFileReference; lastKnownFileType = sourcecode.swift; path = TransactionListEnviroment.swift; sourceTree = "<group>"; };
		730F321C27DA4C56002AB57B /* TransactionListReducer.swift */ = {isa = PBXFileReference; lastKnownFileType = sourcecode.swift; path = TransactionListReducer.swift; sourceTree = "<group>"; };
		730F321E27DA4C90002AB57B /* TransactionListError.swift */ = {isa = PBXFileReference; lastKnownFileType = sourcecode.swift; path = TransactionListError.swift; sourceTree = "<group>"; };
		7315F72A27D8D0FD00276943 /* TransactionListView.swift */ = {isa = PBXFileReference; lastKnownFileType = sourcecode.swift; path = TransactionListView.swift; sourceTree = "<group>"; };
		7315F72E27D8D15F00276943 /* TransactionItemView.swift */ = {isa = PBXFileReference; lastKnownFileType = sourcecode.swift; path = TransactionItemView.swift; sourceTree = "<group>"; };
		7315F73027D8D43400276943 /* TransactionItemState.swift */ = {isa = PBXFileReference; lastKnownFileType = sourcecode.swift; path = TransactionItemState.swift; sourceTree = "<group>"; };
		7315F73227D8D44A00276943 /* TransactionItemAction.swift */ = {isa = PBXFileReference; lastKnownFileType = sourcecode.swift; path = TransactionItemAction.swift; sourceTree = "<group>"; };
		7315F73427D8D46700276943 /* TransactionItemEnviroment.swift */ = {isa = PBXFileReference; lastKnownFileType = sourcecode.swift; path = TransactionItemEnviroment.swift; sourceTree = "<group>"; };
		7315F73627D8D47600276943 /* TransactionReducer.swift */ = {isa = PBXFileReference; lastKnownFileType = sourcecode.swift; path = TransactionReducer.swift; sourceTree = "<group>"; };
		7315F73827D8D6FB00276943 /* TransactionListUseCase.swift */ = {isa = PBXFileReference; lastKnownFileType = sourcecode.swift; path = TransactionListUseCase.swift; sourceTree = "<group>"; };
		7315F73A27D8D94A00276943 /* BithumbTransactionHistoryResultRESTResponseDTO.swift */ = {isa = PBXFileReference; lastKnownFileType = sourcecode.swift; path = BithumbTransactionHistoryResultRESTResponseDTO.swift; sourceTree = "<group>"; };
		7315F73C27D8DA9B00276943 /* BithumbTransactionHistroySingle.swift */ = {isa = PBXFileReference; lastKnownFileType = sourcecode.swift; path = BithumbTransactionHistroySingle.swift; sourceTree = "<group>"; };
		7321A1E227CA1E6900686DB5 /* API+BithumbWebSocket.swift */ = {isa = PBXFileReference; lastKnownFileType = sourcecode.swift; path = "API+BithumbWebSocket.swift"; sourceTree = "<group>"; };
		7321A1EA27CA243500686DB5 /* API+BithumbREST.swift */ = {isa = PBXFileReference; lastKnownFileType = sourcecode.swift; path = "API+BithumbREST.swift"; sourceTree = "<group>"; };
		7321A1EC27CA249E00686DB5 /* BithumbRESTService.swift */ = {isa = PBXFileReference; lastKnownFileType = sourcecode.swift; path = BithumbRESTService.swift; sourceTree = "<group>"; };
		7321A1F027CA31D300686DB5 /* BithumbTickerResultRESTResponseDTO.swift */ = {isa = PBXFileReference; lastKnownFileType = sourcecode.swift; path = BithumbTickerResultRESTResponseDTO.swift; sourceTree = "<group>"; };
		7321A1F327CA386800686DB5 /* BithumbDataResponse.swift */ = {isa = PBXFileReference; lastKnownFileType = sourcecode.swift; path = BithumbDataResponse.swift; sourceTree = "<group>"; };
		7321A1F527CA397300686DB5 /* MoyaProvider+MakeProvider.swift */ = {isa = PBXFileReference; lastKnownFileType = sourcecode.swift; path = "MoyaProvider+MakeProvider.swift"; sourceTree = "<group>"; };
		7321A1F827CA428D00686DB5 /* AnyPublisher+Validate.swift */ = {isa = PBXFileReference; lastKnownFileType = sourcecode.swift; path = "AnyPublisher+Validate.swift"; sourceTree = "<group>"; };
		7321A21F27CD122A00686DB5 /* BithumbTransactionStream.swift */ = {isa = PBXFileReference; lastKnownFileType = sourcecode.swift; path = BithumbTransactionStream.swift; sourceTree = "<group>"; };
		7321A22127CD17E300686DB5 /* BithumbOrderBookDepthStream.swift */ = {isa = PBXFileReference; lastKnownFileType = sourcecode.swift; path = BithumbOrderBookDepthStream.swift; sourceTree = "<group>"; };
		7386F06A27DBAA450079E2EE /* CoinListError.swift */ = {isa = PBXFileReference; lastKnownFileType = sourcecode.swift; path = CoinListError.swift; sourceTree = "<group>"; };
		7386F06C27DBAA490079E2EE /* CoinListState.swift */ = {isa = PBXFileReference; lastKnownFileType = sourcecode.swift; path = CoinListState.swift; sourceTree = "<group>"; };
		7386F06E27DBAA520079E2EE /* CoinListEnviroment.swift */ = {isa = PBXFileReference; lastKnownFileType = sourcecode.swift; path = CoinListEnviroment.swift; sourceTree = "<group>"; };
		7386F07027DBAA570079E2EE /* CoinListReducer.swift */ = {isa = PBXFileReference; lastKnownFileType = sourcecode.swift; path = CoinListReducer.swift; sourceTree = "<group>"; };
		7386F07227DBAA8B0079E2EE /* CoinListAction.swift */ = {isa = PBXFileReference; lastKnownFileType = sourcecode.swift; path = CoinListAction.swift; sourceTree = "<group>"; };
		AA406E4927CD317700013BF2 /* Double+CurrencyFormat.swift */ = {isa = PBXFileReference; lastKnownFileType = sourcecode.swift; path = "Double+CurrencyFormat.swift"; sourceTree = "<group>"; };
		AA406E4C27CD329D00013BF2 /* CoinItemState.swift */ = {isa = PBXFileReference; lastKnownFileType = sourcecode.swift; path = CoinItemState.swift; sourceTree = "<group>"; };
		AA406E4E27CD32AB00013BF2 /* CoinItemAction.swift */ = {isa = PBXFileReference; lastKnownFileType = sourcecode.swift; path = CoinItemAction.swift; sourceTree = "<group>"; };
		AA406E5027CD33E900013BF2 /* CoinItemEnvironment.swift */ = {isa = PBXFileReference; lastKnownFileType = sourcecode.swift; path = CoinItemEnvironment.swift; sourceTree = "<group>"; };
		AA406E5227CD341100013BF2 /* CoinItemReducer.swift */ = {isa = PBXFileReference; lastKnownFileType = sourcecode.swift; path = CoinItemReducer.swift; sourceTree = "<group>"; };
		AA406E5627D389A200013BF2 /* BithumbTickerSingle.swift */ = {isa = PBXFileReference; lastKnownFileType = sourcecode.swift; path = BithumbTickerSingle.swift; sourceTree = "<group>"; };
		AA4B6D7127D87A36002A7398 /* ToastClient.swift */ = {isa = PBXFileReference; lastKnownFileType = sourcecode.swift; path = ToastClient.swift; sourceTree = "<group>"; };
		AA4B6D7327D8922B002A7398 /* ToastUIView.swift */ = {isa = PBXFileReference; lastKnownFileType = sourcecode.swift; path = ToastUIView.swift; sourceTree = "<group>"; };
		AA4B6D7827D8DFB3002A7398 /* CoinCandleStickChartView.swift */ = {isa = PBXFileReference; lastKnownFileType = sourcecode.swift; path = CoinCandleStickChartView.swift; sourceTree = "<group>"; };
		AA4B6D7D27DA3ADC002A7398 /* CoinCandleChartUseCase.swift */ = {isa = PBXFileReference; lastKnownFileType = sourcecode.swift; path = CoinCandleChartUseCase.swift; sourceTree = "<group>"; };
		AA4B6D7F27DA3C36002A7398 /* BithumbCandleStickResultResponseDTO.swift */ = {isa = PBXFileReference; lastKnownFileType = sourcecode.swift; path = BithumbCandleStickResultResponseDTO.swift; sourceTree = "<group>"; };
		AA4B6D8127DA3DAF002A7398 /* BithumbCandleStickSingle.swift */ = {isa = PBXFileReference; lastKnownFileType = sourcecode.swift; path = BithumbCandleStickSingle.swift; sourceTree = "<group>"; };
		AA86695127C9C484007DFBE6 /* CryptocurrencyExchange.app */ = {isa = PBXFileReference; explicitFileType = wrapper.application; includeInIndex = 0; path = CryptocurrencyExchange.app; sourceTree = BUILT_PRODUCTS_DIR; };
		AA86695427C9C484007DFBE6 /* CryptocurrencyExchangeApp.swift */ = {isa = PBXFileReference; lastKnownFileType = sourcecode.swift; path = CryptocurrencyExchangeApp.swift; sourceTree = "<group>"; };
		AA86695627C9C484007DFBE6 /* ContentView.swift */ = {isa = PBXFileReference; lastKnownFileType = sourcecode.swift; path = ContentView.swift; sourceTree = "<group>"; };
		AA86695827C9C487007DFBE6 /* Assets.xcassets */ = {isa = PBXFileReference; lastKnownFileType = folder.assetcatalog; path = Assets.xcassets; sourceTree = "<group>"; };
		AA86695B27C9C487007DFBE6 /* Preview Assets.xcassets */ = {isa = PBXFileReference; lastKnownFileType = folder.assetcatalog; path = "Preview Assets.xcassets"; sourceTree = "<group>"; };
		AA86696127C9C487007DFBE6 /* CryptocurrencyExchangeTests.xctest */ = {isa = PBXFileReference; explicitFileType = wrapper.cfbundle; includeInIndex = 0; path = CryptocurrencyExchangeTests.xctest; sourceTree = BUILT_PRODUCTS_DIR; };
		AA86696527C9C487007DFBE6 /* CryptocurrencyExchangeTests.swift */ = {isa = PBXFileReference; lastKnownFileType = sourcecode.swift; path = CryptocurrencyExchangeTests.swift; sourceTree = "<group>"; };
		AA86699727C9E17D007DFBE6 /* API.swift */ = {isa = PBXFileReference; lastKnownFileType = sourcecode.swift; path = API.swift; sourceTree = "<group>"; };
		AA86699A27C9FFDA007DFBE6 /* BithumbSocketService.swift */ = {isa = PBXFileReference; lastKnownFileType = sourcecode.swift; path = BithumbSocketService.swift; sourceTree = "<group>"; };
		AA86699D27CA000F007DFBE6 /* WebSocketConnector.swift */ = {isa = PBXFileReference; lastKnownFileType = sourcecode.swift; path = WebSocketConnector.swift; sourceTree = "<group>"; };
		AA8669A127CA00B3007DFBE6 /* URL+Extensions.swift */ = {isa = PBXFileReference; lastKnownFileType = sourcecode.swift; path = "URL+Extensions.swift"; sourceTree = "<group>"; };
		AA8669A327CA00BC007DFBE6 /* URLRequest+Extensions.swift */ = {isa = PBXFileReference; lastKnownFileType = sourcecode.swift; path = "URLRequest+Extensions.swift"; sourceTree = "<group>"; };
		AA8669A827CA024C007DFBE6 /* SocketTargetType.swift */ = {isa = PBXFileReference; lastKnownFileType = sourcecode.swift; path = SocketTargetType.swift; sourceTree = "<group>"; };
		AA8669AC27CA030F007DFBE6 /* BithumbSocketType.swift */ = {isa = PBXFileReference; lastKnownFileType = sourcecode.swift; path = BithumbSocketType.swift; sourceTree = "<group>"; };
		AA8669B027CB82C3007DFBE6 /* CoinListUseCase.swift */ = {isa = PBXFileReference; lastKnownFileType = sourcecode.swift; path = CoinListUseCase.swift; sourceTree = "<group>"; };
		AA8669B327CB85AA007DFBE6 /* BithumbTickerStream.swift */ = {isa = PBXFileReference; lastKnownFileType = sourcecode.swift; path = BithumbTickerStream.swift; sourceTree = "<group>"; };
		AA8669B827CBCD1E007DFBE6 /* String+ToDate.swift */ = {isa = PBXFileReference; lastKnownFileType = sourcecode.swift; path = "String+ToDate.swift"; sourceTree = "<group>"; };
		AA8669BB27CD1CDF007DFBE6 /* CoinListView.swift */ = {isa = PBXFileReference; lastKnownFileType = sourcecode.swift; path = CoinListView.swift; sourceTree = "<group>"; };
		AA8669BD27CD1E09007DFBE6 /* CoinItemView.swift */ = {isa = PBXFileReference; lastKnownFileType = sourcecode.swift; path = CoinItemView.swift; sourceTree = "<group>"; };
		AABBA44C27D866480092D1D2 /* ToastView.swift */ = {isa = PBXFileReference; lastKnownFileType = sourcecode.swift; path = ToastView.swift; sourceTree = "<group>"; };
/* End PBXFileReference section */

/* Begin PBXFrameworksBuildPhase section */
		AA86694E27C9C484007DFBE6 /* Frameworks */ = {
			isa = PBXFrameworksBuildPhase;
			buildActionMask = 2147483647;
			files = (
				21C2EA3227CDE859004E1379 /* Kingfisher in Frameworks */,
				AA4B6D7C27D8E052002A7398 /* Charts in Frameworks */,
				AA86698627C9C83E007DFBE6 /* ComposableArchitecture in Frameworks */,
				AA86698327C9C819007DFBE6 /* CombineMoya in Frameworks */,
				AA86699327C9DEB1007DFBE6 /* Starscream in Frameworks */,
				2133D9FC27D11039003682C0 /* AnyCodable in Frameworks */,
			);
			runOnlyForDeploymentPostprocessing = 0;
		};
		AA86695E27C9C487007DFBE6 /* Frameworks */ = {
			isa = PBXFrameworksBuildPhase;
			buildActionMask = 2147483647;
			files = (
			);
			runOnlyForDeploymentPostprocessing = 0;
		};
/* End PBXFrameworksBuildPhase section */

/* Begin PBXGroup section */
		21434BB627CA63E4001EFE9A /* Repositories */ = {
			isa = PBXGroup;
			children = (
				21434BB927CA66A6001EFE9A /* BithumbRepository.swift */,
			);
			path = Repositories;
			sourceTree = "<group>";
		};
		21434BBB27CA72C0001EFE9A /* ResponseDTO */ = {
			isa = PBXGroup;
			children = (
				21E32C8E27CB38E000949D97 /* BithumbTickerSocketResponseDTO.swift */,
				21E32C9227CB390300949D97 /* BithumbTransactionSocketResponseDTO.swift */,
				21E32C9027CB38F300949D97 /* BithumbOrderBookDepthSocketResponseDTO.swift */,
				21E4382227D64BC700002099 /* BithumbResultSocketResponseDTO.swift */,
			);
			path = ResponseDTO;
			sourceTree = "<group>";
		};
		21C2EA3327CDF2AE004E1379 /* Modifier */ = {
			isa = PBXGroup;
			children = (
				21C2EA3427CDF2D7004E1379 /* HiddenIf.swift */,
			);
			path = Modifier;
			sourceTree = "<group>";
		};
		7315F72127D896C600276943 /* Bithumb */ = {
			isa = PBXGroup;
			children = (
				7321A1EF27CA2F7E00686DB5 /* ResponseDTO */,
				7321A1EC27CA249E00686DB5 /* BithumbRESTService.swift */,
			);
			path = Bithumb;
			sourceTree = "<group>";
		};
		7315F72427D8CA5E00276943 /* Topkim */ = {
			isa = PBXGroup;
			children = (
				7315F72C27D8D13F00276943 /* Component */,
				730F321E27DA4C90002AB57B /* TransactionListError.swift */,
				730F321627DA4C1C002AB57B /* TransactionListState.swift */,
				730F321827DA4C4A002AB57B /* TransactionListAction.swift */,
				730F321A27DA4C50002AB57B /* TransactionListEnviroment.swift */,
				730F321C27DA4C56002AB57B /* TransactionListReducer.swift */,
				7315F72A27D8D0FD00276943 /* TransactionListView.swift */,
			);
			path = Topkim;
			sourceTree = "<group>";
		};
		7315F72527D8CA6200276943 /* Sky */ = {
			isa = PBXGroup;
			children = (
			);
			path = Sky;
			sourceTree = "<group>";
		};
		7315F72627D8CA8300276943 /* Scene */ = {
			isa = PBXGroup;
			children = (
				AA8669B227CB8589007DFBE6 /* CoinList */,
				AA4B6D7627D8D32B002A7398 /* CoinCandleChartView */,
				7315F72727D8CB0000276943 /* Ryan */,
				7315F72427D8CA5E00276943 /* Topkim */,
				7315F72527D8CA6200276943 /* Sky */,
				AA86695627C9C484007DFBE6 /* ContentView.swift */,
			);
			path = Scene;
			sourceTree = "<group>";
		};
		7315F72727D8CB0000276943 /* Ryan */ = {
			isa = PBXGroup;
			children = (
			);
			path = Ryan;
			sourceTree = "<group>";
		};
		7315F72C27D8D13F00276943 /* Component */ = {
			isa = PBXGroup;
			children = (
				7315F72D27D8D14900276943 /* TransactionItem */,
			);
			path = Component;
			sourceTree = "<group>";
		};
		7315F72D27D8D14900276943 /* TransactionItem */ = {
			isa = PBXGroup;
			children = (
				7315F73027D8D43400276943 /* TransactionItemState.swift */,
				7315F73227D8D44A00276943 /* TransactionItemAction.swift */,
				7315F73427D8D46700276943 /* TransactionItemEnviroment.swift */,
				7315F73627D8D47600276943 /* TransactionReducer.swift */,
				7315F72E27D8D15F00276943 /* TransactionItemView.swift */,
			);
			path = TransactionItem;
			sourceTree = "<group>";
		};
		7321A1E127CA1D1D00686DB5 /* REST */ = {
			isa = PBXGroup;
			children = (
				7321A1F227CA372300686DB5 /* Protocol */,
				7315F72127D896C600276943 /* Bithumb */,
			);
			path = REST;
			sourceTree = "<group>";
		};
		7321A1E827CA1F6B00686DB5 /* WebSocket */ = {
			isa = PBXGroup;
			children = (
				7321A1E227CA1E6900686DB5 /* API+BithumbWebSocket.swift */,
			);
			path = WebSocket;
			sourceTree = "<group>";
		};
		7321A1E927CA1F7200686DB5 /* REST */ = {
			isa = PBXGroup;
			children = (
				7321A1EA27CA243500686DB5 /* API+BithumbREST.swift */,
			);
			path = REST;
			sourceTree = "<group>";
		};
		7321A1EF27CA2F7E00686DB5 /* ResponseDTO */ = {
			isa = PBXGroup;
			children = (
				7321A1F027CA31D300686DB5 /* BithumbTickerResultRESTResponseDTO.swift */,
				730F320B27D8ECE5002AB57B /* BithumbOrderbookResultRESTResponseDTO.swift */,
				7315F73A27D8D94A00276943 /* BithumbTransactionHistoryResultRESTResponseDTO.swift */,
				AA4B6D7F27DA3C36002A7398 /* BithumbCandleStickResultResponseDTO.swift */,
			);
			path = ResponseDTO;
			sourceTree = "<group>";
		};
		7321A1F227CA372300686DB5 /* Protocol */ = {
			isa = PBXGroup;
			children = (
				7321A1F327CA386800686DB5 /* BithumbDataResponse.swift */,
			);
			path = Protocol;
			sourceTree = "<group>";
		};
		7321A21E27CD0FBD00686DB5 /* Extensions */ = {
			isa = PBXGroup;
			children = (
				AA8669B827CBCD1E007DFBE6 /* String+ToDate.swift */,
			);
			path = Extensions;
			sourceTree = "<group>";
		};
		AA406E4727CD314800013BF2 /* Utilities */ = {
			isa = PBXGroup;
			children = (
				21C2EA3327CDF2AE004E1379 /* Modifier */,
				AA406E4827CD315000013BF2 /* Extensions */,
			);
			path = Utilities;
			sourceTree = "<group>";
		};
		AA406E4827CD315000013BF2 /* Extensions */ = {
			isa = PBXGroup;
			children = (
				AA406E4927CD317700013BF2 /* Double+CurrencyFormat.swift */,
				730F321227D8F4A2002AB57B /* Date+Format.swift */,
			);
			path = Extensions;
			sourceTree = "<group>";
		};
		AA406E4B27CD327F00013BF2 /* CoinItem */ = {
			isa = PBXGroup;
			children = (
				AA406E4C27CD329D00013BF2 /* CoinItemState.swift */,
				AA406E4E27CD32AB00013BF2 /* CoinItemAction.swift */,
				AA406E5027CD33E900013BF2 /* CoinItemEnvironment.swift */,
				AA406E5227CD341100013BF2 /* CoinItemReducer.swift */,
				AA8669BD27CD1E09007DFBE6 /* CoinItemView.swift */,
			);
			path = CoinItem;
			sourceTree = "<group>";
		};
		AA4B6D7527D89237002A7398 /* Toast */ = {
			isa = PBXGroup;
			children = (
				AABBA44C27D866480092D1D2 /* ToastView.swift */,
				AA4B6D7327D8922B002A7398 /* ToastUIView.swift */,
				AA4B6D7127D87A36002A7398 /* ToastClient.swift */,
			);
			path = Toast;
			sourceTree = "<group>";
		};
		AA4B6D7627D8D32B002A7398 /* CoinCandleChartView */ = {
			isa = PBXGroup;
			children = (
				AA4B6D7827D8DFB3002A7398 /* CoinCandleStickChartView.swift */,
			);
			path = CoinCandleChartView;
			sourceTree = "<group>";
		};
		AA86694827C9C484007DFBE6 = {
			isa = PBXGroup;
			children = (
				AA86695327C9C484007DFBE6 /* CryptocurrencyExchange */,
				AA86696427C9C487007DFBE6 /* CryptocurrencyExchangeTests */,
				AA86695227C9C484007DFBE6 /* Products */,
			);
			sourceTree = "<group>";
		};
		AA86695227C9C484007DFBE6 /* Products */ = {
			isa = PBXGroup;
			children = (
				AA86695127C9C484007DFBE6 /* CryptocurrencyExchange.app */,
				AA86696127C9C487007DFBE6 /* CryptocurrencyExchangeTests.xctest */,
			);
			name = Products;
			sourceTree = "<group>";
		};
		AA86695327C9C484007DFBE6 /* CryptocurrencyExchange */ = {
			isa = PBXGroup;
			children = (
				AA86698927C9C8DD007DFBE6 /* Resources */,
				AA86698827C9C8CE007DFBE6 /* Sources */,
			);
			path = CryptocurrencyExchange;
			sourceTree = "<group>";
		};
		AA86695A27C9C487007DFBE6 /* Preview Content */ = {
			isa = PBXGroup;
			children = (
				AA86695B27C9C487007DFBE6 /* Preview Assets.xcassets */,
			);
			path = "Preview Content";
			sourceTree = "<group>";
		};
		AA86696427C9C487007DFBE6 /* CryptocurrencyExchangeTests */ = {
			isa = PBXGroup;
			children = (
				AA86696527C9C487007DFBE6 /* CryptocurrencyExchangeTests.swift */,
			);
			path = CryptocurrencyExchangeTests;
			sourceTree = "<group>";
		};
		AA86698727C9C8A5007DFBE6 /* Application */ = {
			isa = PBXGroup;
			children = (
				AA86695427C9C484007DFBE6 /* CryptocurrencyExchangeApp.swift */,
			);
			path = Application;
			sourceTree = "<group>";
		};
		AA86698827C9C8CE007DFBE6 /* Sources */ = {
			isa = PBXGroup;
			children = (
				AA86698727C9C8A5007DFBE6 /* Application */,
				AA86698E27C9C957007DFBE6 /* DataSources */,
				21434BB627CA63E4001EFE9A /* Repositories */,
				AA86699027C9C9C5007DFBE6 /* Domains */,
				AA86698D27C9C932007DFBE6 /* Presentations */,
			);
			path = Sources;
			sourceTree = "<group>";
		};
		AA86698927C9C8DD007DFBE6 /* Resources */ = {
			isa = PBXGroup;
			children = (
				AA86695827C9C487007DFBE6 /* Assets.xcassets */,
				AA86695A27C9C487007DFBE6 /* Preview Content */,
			);
			path = Resources;
			sourceTree = "<group>";
		};
		AA86698A27C9C8FE007DFBE6 /* Network */ = {
			isa = PBXGroup;
			children = (
				AA86699627C9E16D007DFBE6 /* API */,
				7321A1E127CA1D1D00686DB5 /* REST */,
				AA86699927C9FFC0007DFBE6 /* WebSocket */,
				AA86699F27CA00A1007DFBE6 /* Utilities */,
			);
			path = Network;
			sourceTree = "<group>";
		};
		AA86698D27C9C932007DFBE6 /* Presentations */ = {
			isa = PBXGroup;
			children = (
				AABBA44B27D866310092D1D2 /* Component */,
				AA406E4727CD314800013BF2 /* Utilities */,
				7315F72627D8CA8300276943 /* Scene */,
			);
			path = Presentations;
			sourceTree = "<group>";
		};
		AA86698E27C9C957007DFBE6 /* DataSources */ = {
			isa = PBXGroup;
			children = (
				AA8669A527CA0160007DFBE6 /* Utilities */,
				AA86698F27C9C962007DFBE6 /* Persistent */,
				AA86698A27C9C8FE007DFBE6 /* Network */,
			);
			path = DataSources;
			sourceTree = "<group>";
		};
		AA86698F27C9C962007DFBE6 /* Persistent */ = {
			isa = PBXGroup;
			children = (
			);
			path = Persistent;
			sourceTree = "<group>";
		};
		AA86699027C9C9C5007DFBE6 /* Domains */ = {
			isa = PBXGroup;
			children = (
				AA8669AE27CB821D007DFBE6 /* UseCases */,
				AA8669AF27CB823E007DFBE6 /* Entities */,
				AA8669B727CBCD08007DFBE6 /* Utilities */,
			);
			path = Domains;
			sourceTree = "<group>";
		};
		AA86699627C9E16D007DFBE6 /* API */ = {
			isa = PBXGroup;
			children = (
				7321A1E927CA1F7200686DB5 /* REST */,
				7321A1E827CA1F6B00686DB5 /* WebSocket */,
				AA86699727C9E17D007DFBE6 /* API.swift */,
			);
			path = API;
			sourceTree = "<group>";
		};
		AA86699927C9FFC0007DFBE6 /* WebSocket */ = {
			isa = PBXGroup;
			children = (
				AA86699C27C9FFF8007DFBE6 /* Infrastructure */,
				AA8669AA27CA027C007DFBE6 /* Bithumb */,
			);
			path = WebSocket;
			sourceTree = "<group>";
		};
		AA86699C27C9FFF8007DFBE6 /* Infrastructure */ = {
			isa = PBXGroup;
			children = (
				AA8669A727CA023B007DFBE6 /* Protocols */,
				AA86699D27CA000F007DFBE6 /* WebSocketConnector.swift */,
			);
			path = Infrastructure;
			sourceTree = "<group>";
		};
		AA86699F27CA00A1007DFBE6 /* Utilities */ = {
			isa = PBXGroup;
			children = (
				AA8669A027CA00A9007DFBE6 /* Extensions */,
			);
			path = Utilities;
			sourceTree = "<group>";
		};
		AA8669A027CA00A9007DFBE6 /* Extensions */ = {
			isa = PBXGroup;
			children = (
				7321A1F527CA397300686DB5 /* MoyaProvider+MakeProvider.swift */,
				AA8669A327CA00BC007DFBE6 /* URLRequest+Extensions.swift */,
				7321A1F827CA428D00686DB5 /* AnyPublisher+Validate.swift */,
				21BECEAC27D332DD0018F7CA /* Publisher+Decode.swift */,
				21E4382427D64EF800002099 /* Publisher+FilterSocketTopicType.swift */,
			);
			path = Extensions;
			sourceTree = "<group>";
		};
		AA8669A527CA0160007DFBE6 /* Utilities */ = {
			isa = PBXGroup;
			children = (
				AA8669A627CA0172007DFBE6 /* Extensions */,
				21BECEAE27D3426A0018F7CA /* Log.swift */,
			);
			path = Utilities;
			sourceTree = "<group>";
		};
		AA8669A627CA0172007DFBE6 /* Extensions */ = {
			isa = PBXGroup;
			children = (
				AA8669A127CA00B3007DFBE6 /* URL+Extensions.swift */,
			);
			path = Extensions;
			sourceTree = "<group>";
		};
		AA8669A727CA023B007DFBE6 /* Protocols */ = {
			isa = PBXGroup;
			children = (
				AA8669A827CA024C007DFBE6 /* SocketTargetType.swift */,
			);
			path = Protocols;
			sourceTree = "<group>";
		};
		AA8669AA27CA027C007DFBE6 /* Bithumb */ = {
			isa = PBXGroup;
			children = (
				21434BBB27CA72C0001EFE9A /* ResponseDTO */,
				AA8669AB27CA0301007DFBE6 /* Protocols */,
				AA86699A27C9FFDA007DFBE6 /* BithumbSocketService.swift */,
			);
			path = Bithumb;
			sourceTree = "<group>";
		};
		AA8669AB27CA0301007DFBE6 /* Protocols */ = {
			isa = PBXGroup;
			children = (
				AA8669AC27CA030F007DFBE6 /* BithumbSocketType.swift */,
			);
			path = Protocols;
			sourceTree = "<group>";
		};
		AA8669AE27CB821D007DFBE6 /* UseCases */ = {
			isa = PBXGroup;
			children = (
				AA8669B027CB82C3007DFBE6 /* CoinListUseCase.swift */,
				7315F73827D8D6FB00276943 /* TransactionListUseCase.swift */,
				AA4B6D7D27DA3ADC002A7398 /* CoinCandleChartUseCase.swift */,
			);
			path = UseCases;
			sourceTree = "<group>";
		};
		AA8669AF27CB823E007DFBE6 /* Entities */ = {
			isa = PBXGroup;
			children = (
				7321A21F27CD122A00686DB5 /* BithumbTransactionStream.swift */,
				7321A22127CD17E300686DB5 /* BithumbOrderBookDepthStream.swift */,
				AA8669B327CB85AA007DFBE6 /* BithumbTickerStream.swift */,
				AA406E5627D389A200013BF2 /* BithumbTickerSingle.swift */,
				730F320D27D8EE27002AB57B /* BithumbOrderbookSingle.swift */,
				7315F73C27D8DA9B00276943 /* BithumbTransactionHistroySingle.swift */,
				730F321427DA3EF1002AB57B /* BithumbTransactionType.swift */,
				AA4B6D8127DA3DAF002A7398 /* BithumbCandleStickSingle.swift */,
			);
			path = Entities;
			sourceTree = "<group>";
		};
		AA8669B227CB8589007DFBE6 /* CoinList */ = {
			isa = PBXGroup;
			children = (
				AA8669BF27CD1E21007DFBE6 /* Component */,
				7386F06A27DBAA450079E2EE /* CoinListError.swift */,
				7386F06C27DBAA490079E2EE /* CoinListState.swift */,
				7386F07227DBAA8B0079E2EE /* CoinListAction.swift */,
				7386F06E27DBAA520079E2EE /* CoinListEnviroment.swift */,
				7386F07027DBAA570079E2EE /* CoinListReducer.swift */,
				AA8669BB27CD1CDF007DFBE6 /* CoinListView.swift */,
			);
			path = CoinList;
			sourceTree = "<group>";
		};
		AA8669B727CBCD08007DFBE6 /* Utilities */ = {
			isa = PBXGroup;
			children = (
				7321A21E27CD0FBD00686DB5 /* Extensions */,
			);
			path = Utilities;
			sourceTree = "<group>";
		};
		AA8669BF27CD1E21007DFBE6 /* Component */ = {
			isa = PBXGroup;
			children = (
				AA406E4B27CD327F00013BF2 /* CoinItem */,
			);
			path = Component;
			sourceTree = "<group>";
		};
		AABBA44B27D866310092D1D2 /* Component */ = {
			isa = PBXGroup;
			children = (
				AA4B6D7527D89237002A7398 /* Toast */,
			);
			path = Component;
			sourceTree = "<group>";
		};
/* End PBXGroup section */

/* Begin PBXNativeTarget section */
		AA86695027C9C484007DFBE6 /* CryptocurrencyExchange */ = {
			isa = PBXNativeTarget;
			buildConfigurationList = AA86697527C9C487007DFBE6 /* Build configuration list for PBXNativeTarget "CryptocurrencyExchange" */;
			buildPhases = (
				AA86694D27C9C484007DFBE6 /* Sources */,
				AA86694E27C9C484007DFBE6 /* Frameworks */,
				AA86694F27C9C484007DFBE6 /* Resources */,
			);
			buildRules = (
			);
			dependencies = (
			);
			name = CryptocurrencyExchange;
			packageProductDependencies = (
				AA86698227C9C819007DFBE6 /* CombineMoya */,
				AA86698527C9C83E007DFBE6 /* ComposableArchitecture */,
				AA86699227C9DEB1007DFBE6 /* Starscream */,
				21C2EA3127CDE859004E1379 /* Kingfisher */,
				2133D9FB27D11039003682C0 /* AnyCodable */,
				AA4B6D7B27D8E052002A7398 /* Charts */,
			);
			productName = CryptocurrencyExchange;
			productReference = AA86695127C9C484007DFBE6 /* CryptocurrencyExchange.app */;
			productType = "com.apple.product-type.application";
		};
		AA86696027C9C487007DFBE6 /* CryptocurrencyExchangeTests */ = {
			isa = PBXNativeTarget;
			buildConfigurationList = AA86697827C9C487007DFBE6 /* Build configuration list for PBXNativeTarget "CryptocurrencyExchangeTests" */;
			buildPhases = (
				AA86695D27C9C487007DFBE6 /* Sources */,
				AA86695E27C9C487007DFBE6 /* Frameworks */,
				AA86695F27C9C487007DFBE6 /* Resources */,
			);
			buildRules = (
			);
			dependencies = (
				AA86696327C9C487007DFBE6 /* PBXTargetDependency */,
			);
			name = CryptocurrencyExchangeTests;
			productName = CryptocurrencyExchangeTests;
			productReference = AA86696127C9C487007DFBE6 /* CryptocurrencyExchangeTests.xctest */;
			productType = "com.apple.product-type.bundle.unit-test";
		};
/* End PBXNativeTarget section */

/* Begin PBXProject section */
		AA86694927C9C484007DFBE6 /* Project object */ = {
			isa = PBXProject;
			attributes = {
				BuildIndependentTargetsInParallel = 1;
				LastSwiftUpdateCheck = 1320;
				LastUpgradeCheck = 1320;
				TargetAttributes = {
					AA86695027C9C484007DFBE6 = {
						CreatedOnToolsVersion = 13.2.1;
					};
					AA86696027C9C487007DFBE6 = {
						CreatedOnToolsVersion = 13.2.1;
						TestTargetID = AA86695027C9C484007DFBE6;
					};
				};
			};
			buildConfigurationList = AA86694C27C9C484007DFBE6 /* Build configuration list for PBXProject "CryptocurrencyExchange" */;
			compatibilityVersion = "Xcode 13.0";
			developmentRegion = en;
			hasScannedForEncodings = 0;
			knownRegions = (
				en,
				Base,
			);
			mainGroup = AA86694827C9C484007DFBE6;
			packageReferences = (
				AA86698127C9C819007DFBE6 /* XCRemoteSwiftPackageReference "Moya" */,
				AA86698427C9C83E007DFBE6 /* XCRemoteSwiftPackageReference "swift-composable-architecture" */,
				AA86699127C9DEB1007DFBE6 /* XCRemoteSwiftPackageReference "Starscream" */,
				21C2EA3027CDE859004E1379 /* XCRemoteSwiftPackageReference "Kingfisher" */,
				2133D9FA27D11039003682C0 /* XCRemoteSwiftPackageReference "AnyCodable" */,
				AA4B6D7A27D8E052002A7398 /* XCRemoteSwiftPackageReference "Charts" */,
			);
			productRefGroup = AA86695227C9C484007DFBE6 /* Products */;
			projectDirPath = "";
			projectRoot = "";
			targets = (
				AA86695027C9C484007DFBE6 /* CryptocurrencyExchange */,
				AA86696027C9C487007DFBE6 /* CryptocurrencyExchangeTests */,
			);
		};
/* End PBXProject section */

/* Begin PBXResourcesBuildPhase section */
		AA86694F27C9C484007DFBE6 /* Resources */ = {
			isa = PBXResourcesBuildPhase;
			buildActionMask = 2147483647;
			files = (
				AA86695C27C9C487007DFBE6 /* Preview Assets.xcassets in Resources */,
				AA86695927C9C487007DFBE6 /* Assets.xcassets in Resources */,
			);
			runOnlyForDeploymentPostprocessing = 0;
		};
		AA86695F27C9C487007DFBE6 /* Resources */ = {
			isa = PBXResourcesBuildPhase;
			buildActionMask = 2147483647;
			files = (
			);
			runOnlyForDeploymentPostprocessing = 0;
		};
/* End PBXResourcesBuildPhase section */

/* Begin PBXSourcesBuildPhase section */
		AA86694D27C9C484007DFBE6 /* Sources */ = {
			isa = PBXSourcesBuildPhase;
			buildActionMask = 2147483647;
			files = (
				7315F73B27D8D94A00276943 /* BithumbTransactionHistoryResultRESTResponseDTO.swift in Sources */,
				21E4382527D64EF800002099 /* Publisher+FilterSocketTopicType.swift in Sources */,
				7321A22027CD122A00686DB5 /* BithumbTransactionStream.swift in Sources */,
				AA8669BC27CD1CDF007DFBE6 /* CoinListView.swift in Sources */,
				AA8669A227CA00B3007DFBE6 /* URL+Extensions.swift in Sources */,
				7321A1F927CA428D00686DB5 /* AnyPublisher+Validate.swift in Sources */,
				730F321527DA3EF1002AB57B /* BithumbTransactionType.swift in Sources */,
				7315F72B27D8D0FD00276943 /* TransactionListView.swift in Sources */,
				730F320C27D8ECE5002AB57B /* BithumbOrderbookResultRESTResponseDTO.swift in Sources */,
				7315F73527D8D46700276943 /* TransactionItemEnviroment.swift in Sources */,
				21E4382327D64BC700002099 /* BithumbResultSocketResponseDTO.swift in Sources */,
				730F321B27DA4C50002AB57B /* TransactionListEnviroment.swift in Sources */,
				7321A22227CD17E300686DB5 /* BithumbOrderBookDepthStream.swift in Sources */,
				730F321D27DA4C56002AB57B /* TransactionListReducer.swift in Sources */,
				AA4B6D8227DA3DAF002A7398 /* BithumbCandleStickSingle.swift in Sources */,
				AA4B6D7927D8DFB3002A7398 /* CoinCandleStickChartView.swift in Sources */,
				AABBA44D27D866480092D1D2 /* ToastView.swift in Sources */,
				7315F72F27D8D15F00276943 /* TransactionItemView.swift in Sources */,
				AA406E4F27CD32AB00013BF2 /* CoinItemAction.swift in Sources */,
				7386F07127DBAA570079E2EE /* CoinListReducer.swift in Sources */,
				7386F06B27DBAA450079E2EE /* CoinListError.swift in Sources */,
				730F321F27DA4C90002AB57B /* TransactionListError.swift in Sources */,
				7315F73727D8D47600276943 /* TransactionReducer.swift in Sources */,
				7321A1F127CA31D300686DB5 /* BithumbTickerResultRESTResponseDTO.swift in Sources */,
				7315F73D27D8DA9B00276943 /* BithumbTransactionHistroySingle.swift in Sources */,
				AA86699B27C9FFDA007DFBE6 /* BithumbSocketService.swift in Sources */,
				21E32C8F27CB38E000949D97 /* BithumbTickerSocketResponseDTO.swift in Sources */,
				AA4B6D8027DA3C36002A7398 /* BithumbCandleStickResultResponseDTO.swift in Sources */,
				730F320E27D8EE27002AB57B /* BithumbOrderbookSingle.swift in Sources */,
				AA86695727C9C484007DFBE6 /* ContentView.swift in Sources */,
				AA8669A927CA024C007DFBE6 /* SocketTargetType.swift in Sources */,
				7315F73927D8D6FB00276943 /* TransactionListUseCase.swift in Sources */,
				AA4B6D7227D87A36002A7398 /* ToastClient.swift in Sources */,
				AA8669B127CB82C3007DFBE6 /* CoinListUseCase.swift in Sources */,
				7321A1E327CA1E6900686DB5 /* API+BithumbWebSocket.swift in Sources */,
				AA8669AD27CA030F007DFBE6 /* BithumbSocketType.swift in Sources */,
				AA406E4D27CD329D00013BF2 /* CoinItemState.swift in Sources */,
				7315F73327D8D44A00276943 /* TransactionItemAction.swift in Sources */,
				730F321927DA4C4A002AB57B /* TransactionListAction.swift in Sources */,
				AA4B6D7E27DA3ADC002A7398 /* CoinCandleChartUseCase.swift in Sources */,
				AA8669B927CBCD1E007DFBE6 /* String+ToDate.swift in Sources */,
				AA8669BE27CD1E09007DFBE6 /* CoinItemView.swift in Sources */,
				7321A1F627CA397300686DB5 /* MoyaProvider+MakeProvider.swift in Sources */,
				AA8669B427CB85AA007DFBE6 /* BithumbTickerStream.swift in Sources */,
				AA406E4A27CD317700013BF2 /* Double+CurrencyFormat.swift in Sources */,
				21BECEAD27D332DD0018F7CA /* Publisher+Decode.swift in Sources */,
				21E32C9127CB38F300949D97 /* BithumbOrderBookDepthSocketResponseDTO.swift in Sources */,
				7386F06D27DBAA490079E2EE /* CoinListState.swift in Sources */,
				7315F73127D8D43400276943 /* TransactionItemState.swift in Sources */,
				AA86699E27CA000F007DFBE6 /* WebSocketConnector.swift in Sources */,
				21E32C9327CB390300949D97 /* BithumbTransactionSocketResponseDTO.swift in Sources */,
				21C2EA3527CDF2D7004E1379 /* HiddenIf.swift in Sources */,
				21BECEAF27D3426A0018F7CA /* Log.swift in Sources */,
				AA406E5327CD341100013BF2 /* CoinItemReducer.swift in Sources */,
				7386F07327DBAA8B0079E2EE /* CoinListAction.swift in Sources */,
				AA406E5127CD33E900013BF2 /* CoinItemEnvironment.swift in Sources */,
				730F321327D8F4A2002AB57B /* Date+Format.swift in Sources */,
				7321A1EB27CA243500686DB5 /* API+BithumbREST.swift in Sources */,
				21434BBA27CA66A6001EFE9A /* BithumbRepository.swift in Sources */,
				AA8669A427CA00BC007DFBE6 /* URLRequest+Extensions.swift in Sources */,
				AA406E5727D389A200013BF2 /* BithumbTickerSingle.swift in Sources */,
				AA86699827C9E17D007DFBE6 /* API.swift in Sources */,
				7321A1F427CA386800686DB5 /* BithumbDataResponse.swift in Sources */,
				7321A1ED27CA249E00686DB5 /* BithumbRESTService.swift in Sources */,
				AA86695527C9C484007DFBE6 /* CryptocurrencyExchangeApp.swift in Sources */,
				730F321727DA4C1C002AB57B /* TransactionListState.swift in Sources */,
				AA4B6D7427D8922B002A7398 /* ToastUIView.swift in Sources */,
				7386F06F27DBAA520079E2EE /* CoinListEnviroment.swift in Sources */,
			);
			runOnlyForDeploymentPostprocessing = 0;
		};
		AA86695D27C9C487007DFBE6 /* Sources */ = {
			isa = PBXSourcesBuildPhase;
			buildActionMask = 2147483647;
			files = (
				AA86696627C9C487007DFBE6 /* CryptocurrencyExchangeTests.swift in Sources */,
			);
			runOnlyForDeploymentPostprocessing = 0;
		};
/* End PBXSourcesBuildPhase section */

/* Begin PBXTargetDependency section */
		AA86696327C9C487007DFBE6 /* PBXTargetDependency */ = {
			isa = PBXTargetDependency;
			target = AA86695027C9C484007DFBE6 /* CryptocurrencyExchange */;
			targetProxy = AA86696227C9C487007DFBE6 /* PBXContainerItemProxy */;
		};
/* End PBXTargetDependency section */

/* Begin XCBuildConfiguration section */
		AA86697327C9C487007DFBE6 /* Debug */ = {
			isa = XCBuildConfiguration;
			buildSettings = {
				ALWAYS_SEARCH_USER_PATHS = NO;
				CLANG_ANALYZER_NONNULL = YES;
				CLANG_ANALYZER_NUMBER_OBJECT_CONVERSION = YES_AGGRESSIVE;
				CLANG_CXX_LANGUAGE_STANDARD = "gnu++17";
				CLANG_CXX_LIBRARY = "libc++";
				CLANG_ENABLE_MODULES = YES;
				CLANG_ENABLE_OBJC_ARC = YES;
				CLANG_ENABLE_OBJC_WEAK = YES;
				CLANG_WARN_BLOCK_CAPTURE_AUTORELEASING = YES;
				CLANG_WARN_BOOL_CONVERSION = YES;
				CLANG_WARN_COMMA = YES;
				CLANG_WARN_CONSTANT_CONVERSION = YES;
				CLANG_WARN_DEPRECATED_OBJC_IMPLEMENTATIONS = YES;
				CLANG_WARN_DIRECT_OBJC_ISA_USAGE = YES_ERROR;
				CLANG_WARN_DOCUMENTATION_COMMENTS = YES;
				CLANG_WARN_EMPTY_BODY = YES;
				CLANG_WARN_ENUM_CONVERSION = YES;
				CLANG_WARN_INFINITE_RECURSION = YES;
				CLANG_WARN_INT_CONVERSION = YES;
				CLANG_WARN_NON_LITERAL_NULL_CONVERSION = YES;
				CLANG_WARN_OBJC_IMPLICIT_RETAIN_SELF = YES;
				CLANG_WARN_OBJC_LITERAL_CONVERSION = YES;
				CLANG_WARN_OBJC_ROOT_CLASS = YES_ERROR;
				CLANG_WARN_QUOTED_INCLUDE_IN_FRAMEWORK_HEADER = YES;
				CLANG_WARN_RANGE_LOOP_ANALYSIS = YES;
				CLANG_WARN_STRICT_PROTOTYPES = YES;
				CLANG_WARN_SUSPICIOUS_MOVE = YES;
				CLANG_WARN_UNGUARDED_AVAILABILITY = YES_AGGRESSIVE;
				CLANG_WARN_UNREACHABLE_CODE = YES;
				CLANG_WARN__DUPLICATE_METHOD_MATCH = YES;
				COPY_PHASE_STRIP = NO;
				DEBUG_INFORMATION_FORMAT = dwarf;
				ENABLE_STRICT_OBJC_MSGSEND = YES;
				ENABLE_TESTABILITY = YES;
				GCC_C_LANGUAGE_STANDARD = gnu11;
				GCC_DYNAMIC_NO_PIC = NO;
				GCC_NO_COMMON_BLOCKS = YES;
				GCC_OPTIMIZATION_LEVEL = 0;
				GCC_PREPROCESSOR_DEFINITIONS = (
					"DEBUG=1",
					"$(inherited)",
				);
				GCC_WARN_64_TO_32_BIT_CONVERSION = YES;
				GCC_WARN_ABOUT_RETURN_TYPE = YES_ERROR;
				GCC_WARN_UNDECLARED_SELECTOR = YES;
				GCC_WARN_UNINITIALIZED_AUTOS = YES_AGGRESSIVE;
				GCC_WARN_UNUSED_FUNCTION = YES;
				GCC_WARN_UNUSED_VARIABLE = YES;
				IPHONEOS_DEPLOYMENT_TARGET = 14.0;
				MTL_ENABLE_DEBUG_INFO = INCLUDE_SOURCE;
				MTL_FAST_MATH = YES;
				ONLY_ACTIVE_ARCH = YES;
				SDKROOT = iphoneos;
				SWIFT_ACTIVE_COMPILATION_CONDITIONS = DEBUG;
				SWIFT_OPTIMIZATION_LEVEL = "-Onone";
			};
			name = Debug;
		};
		AA86697427C9C487007DFBE6 /* Release */ = {
			isa = XCBuildConfiguration;
			buildSettings = {
				ALWAYS_SEARCH_USER_PATHS = NO;
				CLANG_ANALYZER_NONNULL = YES;
				CLANG_ANALYZER_NUMBER_OBJECT_CONVERSION = YES_AGGRESSIVE;
				CLANG_CXX_LANGUAGE_STANDARD = "gnu++17";
				CLANG_CXX_LIBRARY = "libc++";
				CLANG_ENABLE_MODULES = YES;
				CLANG_ENABLE_OBJC_ARC = YES;
				CLANG_ENABLE_OBJC_WEAK = YES;
				CLANG_WARN_BLOCK_CAPTURE_AUTORELEASING = YES;
				CLANG_WARN_BOOL_CONVERSION = YES;
				CLANG_WARN_COMMA = YES;
				CLANG_WARN_CONSTANT_CONVERSION = YES;
				CLANG_WARN_DEPRECATED_OBJC_IMPLEMENTATIONS = YES;
				CLANG_WARN_DIRECT_OBJC_ISA_USAGE = YES_ERROR;
				CLANG_WARN_DOCUMENTATION_COMMENTS = YES;
				CLANG_WARN_EMPTY_BODY = YES;
				CLANG_WARN_ENUM_CONVERSION = YES;
				CLANG_WARN_INFINITE_RECURSION = YES;
				CLANG_WARN_INT_CONVERSION = YES;
				CLANG_WARN_NON_LITERAL_NULL_CONVERSION = YES;
				CLANG_WARN_OBJC_IMPLICIT_RETAIN_SELF = YES;
				CLANG_WARN_OBJC_LITERAL_CONVERSION = YES;
				CLANG_WARN_OBJC_ROOT_CLASS = YES_ERROR;
				CLANG_WARN_QUOTED_INCLUDE_IN_FRAMEWORK_HEADER = YES;
				CLANG_WARN_RANGE_LOOP_ANALYSIS = YES;
				CLANG_WARN_STRICT_PROTOTYPES = YES;
				CLANG_WARN_SUSPICIOUS_MOVE = YES;
				CLANG_WARN_UNGUARDED_AVAILABILITY = YES_AGGRESSIVE;
				CLANG_WARN_UNREACHABLE_CODE = YES;
				CLANG_WARN__DUPLICATE_METHOD_MATCH = YES;
				COPY_PHASE_STRIP = NO;
				DEBUG_INFORMATION_FORMAT = "dwarf-with-dsym";
				ENABLE_NS_ASSERTIONS = NO;
				ENABLE_STRICT_OBJC_MSGSEND = YES;
				GCC_C_LANGUAGE_STANDARD = gnu11;
				GCC_NO_COMMON_BLOCKS = YES;
				GCC_WARN_64_TO_32_BIT_CONVERSION = YES;
				GCC_WARN_ABOUT_RETURN_TYPE = YES_ERROR;
				GCC_WARN_UNDECLARED_SELECTOR = YES;
				GCC_WARN_UNINITIALIZED_AUTOS = YES_AGGRESSIVE;
				GCC_WARN_UNUSED_FUNCTION = YES;
				GCC_WARN_UNUSED_VARIABLE = YES;
				IPHONEOS_DEPLOYMENT_TARGET = 14.0;
				MTL_ENABLE_DEBUG_INFO = NO;
				MTL_FAST_MATH = YES;
				SDKROOT = iphoneos;
				SWIFT_COMPILATION_MODE = wholemodule;
				SWIFT_OPTIMIZATION_LEVEL = "-O";
				VALIDATE_PRODUCT = YES;
			};
			name = Release;
		};
		AA86697627C9C487007DFBE6 /* Debug */ = {
			isa = XCBuildConfiguration;
			buildSettings = {
				ASSETCATALOG_COMPILER_APPICON_NAME = AppIcon;
				ASSETCATALOG_COMPILER_GLOBAL_ACCENT_COLOR_NAME = AccentColor;
				CODE_SIGN_STYLE = Automatic;
				CURRENT_PROJECT_VERSION = 1;
				DEVELOPMENT_ASSET_PATHS = "\"CryptocurrencyExchange/Resources/Preview Content\"";
				DEVELOPMENT_TEAM = QQF2SQ9MZZ;
				ENABLE_PREVIEWS = YES;
				GENERATE_INFOPLIST_FILE = YES;
				INFOPLIST_KEY_UIApplicationSceneManifest_Generation = YES;
				INFOPLIST_KEY_UIApplicationSupportsIndirectInputEvents = YES;
				INFOPLIST_KEY_UILaunchScreen_Generation = YES;
				INFOPLIST_KEY_UISupportedInterfaceOrientations_iPad = "UIInterfaceOrientationPortrait UIInterfaceOrientationPortraitUpsideDown UIInterfaceOrientationLandscapeLeft UIInterfaceOrientationLandscapeRight";
				INFOPLIST_KEY_UISupportedInterfaceOrientations_iPhone = "UIInterfaceOrientationPortrait UIInterfaceOrientationLandscapeLeft UIInterfaceOrientationLandscapeRight";
				LD_RUNPATH_SEARCH_PATHS = (
					"$(inherited)",
					"@executable_path/Frameworks",
				);
				MARKETING_VERSION = 1.0;
				PRODUCT_BUNDLE_IDENTIFIER = net.topSkyRyan.CryptocurrencyExchange12345;
				PRODUCT_NAME = "$(TARGET_NAME)";
				SWIFT_EMIT_LOC_STRINGS = YES;
				SWIFT_VERSION = 5.0;
				TARGETED_DEVICE_FAMILY = "1,2";
			};
			name = Debug;
		};
		AA86697727C9C487007DFBE6 /* Release */ = {
			isa = XCBuildConfiguration;
			buildSettings = {
				ASSETCATALOG_COMPILER_APPICON_NAME = AppIcon;
				ASSETCATALOG_COMPILER_GLOBAL_ACCENT_COLOR_NAME = AccentColor;
				CODE_SIGN_STYLE = Automatic;
				CURRENT_PROJECT_VERSION = 1;
				DEVELOPMENT_ASSET_PATHS = "\"CryptocurrencyExchange/Resources/Preview Content\"";
				DEVELOPMENT_TEAM = QQF2SQ9MZZ;
				ENABLE_PREVIEWS = YES;
				GENERATE_INFOPLIST_FILE = YES;
				INFOPLIST_KEY_UIApplicationSceneManifest_Generation = YES;
				INFOPLIST_KEY_UIApplicationSupportsIndirectInputEvents = YES;
				INFOPLIST_KEY_UILaunchScreen_Generation = YES;
				INFOPLIST_KEY_UISupportedInterfaceOrientations_iPad = "UIInterfaceOrientationPortrait UIInterfaceOrientationPortraitUpsideDown UIInterfaceOrientationLandscapeLeft UIInterfaceOrientationLandscapeRight";
				INFOPLIST_KEY_UISupportedInterfaceOrientations_iPhone = "UIInterfaceOrientationPortrait UIInterfaceOrientationLandscapeLeft UIInterfaceOrientationLandscapeRight";
				LD_RUNPATH_SEARCH_PATHS = (
					"$(inherited)",
					"@executable_path/Frameworks",
				);
				MARKETING_VERSION = 1.0;
				PRODUCT_BUNDLE_IDENTIFIER = net.topSkyRyan.CryptocurrencyExchange12345;
				PRODUCT_NAME = "$(TARGET_NAME)";
				SWIFT_EMIT_LOC_STRINGS = YES;
				SWIFT_VERSION = 5.0;
				TARGETED_DEVICE_FAMILY = "1,2";
			};
			name = Release;
		};
		AA86697927C9C487007DFBE6 /* Debug */ = {
			isa = XCBuildConfiguration;
			buildSettings = {
				ALWAYS_EMBED_SWIFT_STANDARD_LIBRARIES = YES;
				BUNDLE_LOADER = "$(TEST_HOST)";
				CODE_SIGN_STYLE = Automatic;
				CURRENT_PROJECT_VERSION = 1;
				DEVELOPMENT_TEAM = W62BWL527B;
				GENERATE_INFOPLIST_FILE = YES;
				IPHONEOS_DEPLOYMENT_TARGET = 14.0;
				MARKETING_VERSION = 1.0;
				PRODUCT_BUNDLE_IDENTIFIER = net.ryan1002.CryptocurrencyExchangeTests;
				PRODUCT_NAME = "$(TARGET_NAME)";
				SWIFT_EMIT_LOC_STRINGS = NO;
				SWIFT_VERSION = 5.0;
				TARGETED_DEVICE_FAMILY = "1,2";
				TEST_HOST = "$(BUILT_PRODUCTS_DIR)/CryptocurrencyExchange.app/CryptocurrencyExchange";
			};
			name = Debug;
		};
		AA86697A27C9C487007DFBE6 /* Release */ = {
			isa = XCBuildConfiguration;
			buildSettings = {
				ALWAYS_EMBED_SWIFT_STANDARD_LIBRARIES = YES;
				BUNDLE_LOADER = "$(TEST_HOST)";
				CODE_SIGN_STYLE = Automatic;
				CURRENT_PROJECT_VERSION = 1;
				DEVELOPMENT_TEAM = W62BWL527B;
				GENERATE_INFOPLIST_FILE = YES;
				IPHONEOS_DEPLOYMENT_TARGET = 14.0;
				MARKETING_VERSION = 1.0;
				PRODUCT_BUNDLE_IDENTIFIER = net.ryan1002.CryptocurrencyExchangeTests;
				PRODUCT_NAME = "$(TARGET_NAME)";
				SWIFT_EMIT_LOC_STRINGS = NO;
				SWIFT_VERSION = 5.0;
				TARGETED_DEVICE_FAMILY = "1,2";
				TEST_HOST = "$(BUILT_PRODUCTS_DIR)/CryptocurrencyExchange.app/CryptocurrencyExchange";
			};
			name = Release;
		};
/* End XCBuildConfiguration section */

/* Begin XCConfigurationList section */
		AA86694C27C9C484007DFBE6 /* Build configuration list for PBXProject "CryptocurrencyExchange" */ = {
			isa = XCConfigurationList;
			buildConfigurations = (
				AA86697327C9C487007DFBE6 /* Debug */,
				AA86697427C9C487007DFBE6 /* Release */,
			);
			defaultConfigurationIsVisible = 0;
			defaultConfigurationName = Release;
		};
		AA86697527C9C487007DFBE6 /* Build configuration list for PBXNativeTarget "CryptocurrencyExchange" */ = {
			isa = XCConfigurationList;
			buildConfigurations = (
				AA86697627C9C487007DFBE6 /* Debug */,
				AA86697727C9C487007DFBE6 /* Release */,
			);
			defaultConfigurationIsVisible = 0;
			defaultConfigurationName = Release;
		};
		AA86697827C9C487007DFBE6 /* Build configuration list for PBXNativeTarget "CryptocurrencyExchangeTests" */ = {
			isa = XCConfigurationList;
			buildConfigurations = (
				AA86697927C9C487007DFBE6 /* Debug */,
				AA86697A27C9C487007DFBE6 /* Release */,
			);
			defaultConfigurationIsVisible = 0;
			defaultConfigurationName = Release;
		};
/* End XCConfigurationList section */

/* Begin XCRemoteSwiftPackageReference section */
		2133D9FA27D11039003682C0 /* XCRemoteSwiftPackageReference "AnyCodable" */ = {
			isa = XCRemoteSwiftPackageReference;
			repositoryURL = "https://github.com/Flight-School/AnyCodable";
			requirement = {
				kind = upToNextMajorVersion;
				minimumVersion = 0.6.2;
			};
		};
		21C2EA3027CDE859004E1379 /* XCRemoteSwiftPackageReference "Kingfisher" */ = {
			isa = XCRemoteSwiftPackageReference;
			repositoryURL = "https://github.com/onevcat/Kingfisher.git";
			requirement = {
				kind = upToNextMajorVersion;
				minimumVersion = 7.0.0;
			};
		};
		AA4B6D7A27D8E052002A7398 /* XCRemoteSwiftPackageReference "Charts" */ = {
			isa = XCRemoteSwiftPackageReference;
			repositoryURL = "https://github.com/danielgindi/Charts.git";
			requirement = {
				kind = upToNextMajorVersion;
				minimumVersion = 3.0.0;
			};
		};
		AA86698127C9C819007DFBE6 /* XCRemoteSwiftPackageReference "Moya" */ = {
			isa = XCRemoteSwiftPackageReference;
			repositoryURL = "https://github.com/Moya/Moya";
			requirement = {
				branch = master;
				kind = branch;
			};
		};
		AA86698427C9C83E007DFBE6 /* XCRemoteSwiftPackageReference "swift-composable-architecture" */ = {
			isa = XCRemoteSwiftPackageReference;
			repositoryURL = "https://github.com/pointfreeco/swift-composable-architecture";
			requirement = {
				branch = main;
				kind = branch;
			};
		};
		AA86699127C9DEB1007DFBE6 /* XCRemoteSwiftPackageReference "Starscream" */ = {
			isa = XCRemoteSwiftPackageReference;
			repositoryURL = "https://github.com/daltoniam/Starscream";
			requirement = {
				kind = upToNextMajorVersion;
				minimumVersion = 4.0.0;
			};
		};
/* End XCRemoteSwiftPackageReference section */

/* Begin XCSwiftPackageProductDependency section */
		2133D9FB27D11039003682C0 /* AnyCodable */ = {
			isa = XCSwiftPackageProductDependency;
			package = 2133D9FA27D11039003682C0 /* XCRemoteSwiftPackageReference "AnyCodable" */;
			productName = AnyCodable;
		};
		21C2EA3127CDE859004E1379 /* Kingfisher */ = {
			isa = XCSwiftPackageProductDependency;
			package = 21C2EA3027CDE859004E1379 /* XCRemoteSwiftPackageReference "Kingfisher" */;
			productName = Kingfisher;
		};
		AA4B6D7B27D8E052002A7398 /* Charts */ = {
			isa = XCSwiftPackageProductDependency;
			package = AA4B6D7A27D8E052002A7398 /* XCRemoteSwiftPackageReference "Charts" */;
			productName = Charts;
		};
		AA86698227C9C819007DFBE6 /* CombineMoya */ = {
			isa = XCSwiftPackageProductDependency;
			package = AA86698127C9C819007DFBE6 /* XCRemoteSwiftPackageReference "Moya" */;
			productName = CombineMoya;
		};
		AA86698527C9C83E007DFBE6 /* ComposableArchitecture */ = {
			isa = XCSwiftPackageProductDependency;
			package = AA86698427C9C83E007DFBE6 /* XCRemoteSwiftPackageReference "swift-composable-architecture" */;
			productName = ComposableArchitecture;
		};
		AA86699227C9DEB1007DFBE6 /* Starscream */ = {
			isa = XCSwiftPackageProductDependency;
			package = AA86699127C9DEB1007DFBE6 /* XCRemoteSwiftPackageReference "Starscream" */;
			productName = Starscream;
		};
/* End XCSwiftPackageProductDependency section */
	};
	rootObject = AA86694927C9C484007DFBE6 /* Project object */;
}
